{
  "originHash" : "18a64a39e73d7e090dd974dcc26da18f2c711b6457b026771a4b94363c47d80d",
  "pins" : [
    {
      "identity" : "swiftyjson",
      "kind" : "remoteSourceControl",
      "location" : "https://github.com/SwiftyJSON/SwiftyJSON",
      "state" : {
        "revision" : "af76cf3ef710b6ca5f8c05f3a31307d44a3c5828",
        "version" : "5.0.2"
      }
    },
    {
      "identity" : "zoomimageviewer",
      "kind" : "remoteSourceControl",
      "location" : "https://github.com/ryanlintott/ZoomImageViewer",
      "state" : {
        "revision" : "32a1f7e60f82712c10205ab9be7eec67ec20eff5",
        "version" : "0.4.1"
      }
    }
  ],
  "version" : 3
}
